
Microsoft Visual Studio Solution File, Format Version 12.00
# Visual Studio Version 17
VisualStudioVersion = 17.3.32929.385
MinimumVisualStudioVersion = 10.0.40219.1
Project("{FAE04EC0-301F-11D3-BF4B-00C04F79EFBC}") = "sorteador-moeda", "sorteador-moeda\sorteador-moeda.csproj", "{6AF47C8C-E981-4452-AE4B-B4510E919981}"
EndProject
Global
	GlobalSection(SolutionConfigurationPlatforms) = preSolution
		Debug|Any CPU = Debug|Any CPU
		Release|Any CPU = Release|Any CPU
	EndGlobalSection
	GlobalSection(ProjectConfigurationPlatforms) = postSolution
		{6AF47C8C-E981-4452-AE4B-B4510E919981}.Debug|Any CPU.ActiveCfg = Debug|Any CPU
		{6AF47C8C-E981-4452-AE4B-B4510E919981}.Debug|Any CPU.Build.0 = Debug|Any CPU
		{6AF47C8C-E981-4452-AE4B-B4510E919981}.Release|Any CPU.ActiveCfg = Release|Any CPU
		{6AF47C8C-E981-4452-AE4B-B4510E919981}.Release|Any CPU.Build.0 = Release|Any CPU
	EndGlobalSection
	GlobalSection(SolutionProperties) = preSolution
		HideSolutionNode = FALSE
	EndGlobalSection
	GlobalSection(ExtensibilityGlobals) = postSolution
		SolutionGuid = {1CCAAB40-7B2E-4177-93F1-9C65CB11E2E2}
	EndGlobalSection
EndGlobal
